
Microsoft Visual Studio Solution File, Format Version 12.00
# Visual Studio Version 16
VisualStudioVersion = 16.0.29521.150
MinimumVisualStudioVersion = 10.0.40219.1
Project("{9A19103F-16F7-4668-BE54-9A1E7A4F7556}") = "HaleBopp", "src\HaleBopp\HaleBopp.csproj", "{DC0A79D2-8506-4477-80D2-EDA5F3D9F0F4}"
EndProject
Project("{9A19103F-16F7-4668-BE54-9A1E7A4F7556}") = "HaleBoppSample", "samples\HaleBoppSample\HaleBoppSample.csproj", "{5832601B-AA47-49BE-A0D1-2A53E1AA6B52}"
EndProject
Project("{2150E333-8FDC-42A3-9474-1A3956D46DE8}") = "samples", "samples", "{4495181E-813F-4AE5-9B9A-7F4268BF9B4B}"
EndProject
Project("{2150E333-8FDC-42A3-9474-1A3956D46DE8}") = "src", "src", "{733E6EFF-F270-43AF-A197-5F81E86D51A7}"
EndProject
Project("{FAE04EC0-301F-11D3-BF4B-00C04F79EFBC}") = "HaleBoppSample.iOS", "samples\HaleBoppSample.iOS\HaleBoppSample.iOS.csproj", "{D3F52153-D276-4E60-BCD3-A44426E402B7}"
EndProject
Project("{2150E333-8FDC-42A3-9474-1A3956D46DE8}") = "tests", "tests", "{A3661876-8EAB-4A1A-AA40-9154A001406E}"
EndProject
Project("{9A19103F-16F7-4668-BE54-9A1E7A4F7556}") = "HaleBopp.Tests", "tests\HaleBopp.Tests\HaleBopp.Tests.csproj", "{D75A52A1-70B0-4719-BA1C-D402A4576E79}"
EndProject
Global
	GlobalSection(SolutionConfigurationPlatforms) = preSolution
		Debug|Any CPU = Debug|Any CPU
		Debug|iPhone = Debug|iPhone
		Debug|iPhoneSimulator = Debug|iPhoneSimulator
		Release|Any CPU = Release|Any CPU
		Release|iPhone = Release|iPhone
		Release|iPhoneSimulator = Release|iPhoneSimulator
	EndGlobalSection
	GlobalSection(ProjectConfigurationPlatforms) = postSolution
		{DC0A79D2-8506-4477-80D2-EDA5F3D9F0F4}.Debug|Any CPU.ActiveCfg = Debug|Any CPU
		{DC0A79D2-8506-4477-80D2-EDA5F3D9F0F4}.Debug|Any CPU.Build.0 = Debug|Any CPU
		{DC0A79D2-8506-4477-80D2-EDA5F3D9F0F4}.Debug|iPhone.ActiveCfg = Debug|Any CPU
		{DC0A79D2-8506-4477-80D2-EDA5F3D9F0F4}.Debug|iPhone.Build.0 = Debug|Any CPU
		{DC0A79D2-8506-4477-80D2-EDA5F3D9F0F4}.Debug|iPhoneSimulator.ActiveCfg = Debug|Any CPU
		{DC0A79D2-8506-4477-80D2-EDA5F3D9F0F4}.Debug|iPhoneSimulator.Build.0 = Debug|Any CPU
		{DC0A79D2-8506-4477-80D2-EDA5F3D9F0F4}.Release|Any CPU.ActiveCfg = Release|Any CPU
		{DC0A79D2-8506-4477-80D2-EDA5F3D9F0F4}.Release|Any CPU.Build.0 = Release|Any CPU
		{DC0A79D2-8506-4477-80D2-EDA5F3D9F0F4}.Release|iPhone.ActiveCfg = Release|Any CPU
		{DC0A79D2-8506-4477-80D2-EDA5F3D9F0F4}.Release|iPhone.Build.0 = Release|Any CPU
		{DC0A79D2-8506-4477-80D2-EDA5F3D9F0F4}.Release|iPhoneSimulator.ActiveCfg = Release|Any CPU
		{DC0A79D2-8506-4477-80D2-EDA5F3D9F0F4}.Release|iPhoneSimulator.Build.0 = Release|Any CPU
		{5832601B-AA47-49BE-A0D1-2A53E1AA6B52}.Debug|Any CPU.ActiveCfg = Debug|Any CPU
		{5832601B-AA47-49BE-A0D1-2A53E1AA6B52}.Debug|Any CPU.Build.0 = Debug|Any CPU
		{5832601B-AA47-49BE-A0D1-2A53E1AA6B52}.Debug|iPhone.ActiveCfg = Debug|Any CPU
		{5832601B-AA47-49BE-A0D1-2A53E1AA6B52}.Debug|iPhone.Build.0 = Debug|Any CPU
		{5832601B-AA47-49BE-A0D1-2A53E1AA6B52}.Debug|iPhoneSimulator.ActiveCfg = Debug|Any CPU
		{5832601B-AA47-49BE-A0D1-2A53E1AA6B52}.Debug|iPhoneSimulator.Build.0 = Debug|Any CPU
		{5832601B-AA47-49BE-A0D1-2A53E1AA6B52}.Release|Any CPU.ActiveCfg = Release|Any CPU
		{5832601B-AA47-49BE-A0D1-2A53E1AA6B52}.Release|Any CPU.Build.0 = Release|Any CPU
		{5832601B-AA47-49BE-A0D1-2A53E1AA6B52}.Release|iPhone.ActiveCfg = Release|Any CPU
		{5832601B-AA47-49BE-A0D1-2A53E1AA6B52}.Release|iPhone.Build.0 = Release|Any CPU
		{5832601B-AA47-49BE-A0D1-2A53E1AA6B52}.Release|iPhoneSimulator.ActiveCfg = Release|Any CPU
		{5832601B-AA47-49BE-A0D1-2A53E1AA6B52}.Release|iPhoneSimulator.Build.0 = Release|Any CPU
		{D3F52153-D276-4E60-BCD3-A44426E402B7}.Debug|Any CPU.ActiveCfg = Debug|iPhone
		{D3F52153-D276-4E60-BCD3-A44426E402B7}.Debug|iPhone.ActiveCfg = Debug|iPhone
		{D3F52153-D276-4E60-BCD3-A44426E402B7}.Debug|iPhone.Build.0 = Debug|iPhone
		{D3F52153-D276-4E60-BCD3-A44426E402B7}.Debug|iPhone.Deploy.0 = Debug|iPhone
		{D3F52153-D276-4E60-BCD3-A44426E402B7}.Debug|iPhoneSimulator.ActiveCfg = Debug|iPhoneSimulator
		{D3F52153-D276-4E60-BCD3-A44426E402B7}.Debug|iPhoneSimulator.Build.0 = Debug|iPhoneSimulator
		{D3F52153-D276-4E60-BCD3-A44426E402B7}.Release|Any CPU.ActiveCfg = Release|iPhone
		{D3F52153-D276-4E60-BCD3-A44426E402B7}.Release|iPhone.ActiveCfg = Release|iPhone
		{D3F52153-D276-4E60-BCD3-A44426E402B7}.Release|iPhone.Build.0 = Release|iPhone
		{D3F52153-D276-4E60-BCD3-A44426E402B7}.Release|iPhoneSimulator.ActiveCfg = Release|iPhoneSimulator
		{D3F52153-D276-4E60-BCD3-A44426E402B7}.Release|iPhoneSimulator.Build.0 = Release|iPhoneSimulator
		{D75A52A1-70B0-4719-BA1C-D402A4576E79}.Debug|Any CPU.ActiveCfg = Debug|Any CPU
		{D75A52A1-70B0-4719-BA1C-D402A4576E79}.Debug|Any CPU.Build.0 = Debug|Any CPU
		{D75A52A1-70B0-4719-BA1C-D402A4576E79}.Debug|iPhone.ActiveCfg = Debug|Any CPU
		{D75A52A1-70B0-4719-BA1C-D402A4576E79}.Debug|iPhone.Build.0 = Debug|Any CPU
		{D75A52A1-70B0-4719-BA1C-D402A4576E79}.Debug|iPhoneSimulator.ActiveCfg = Debug|Any CPU
		{D75A52A1-70B0-4719-BA1C-D402A4576E79}.Debug|iPhoneSimulator.Build.0 = Debug|Any CPU
		{D75A52A1-70B0-4719-BA1C-D402A4576E79}.Release|Any CPU.ActiveCfg = Release|Any CPU
		{D75A52A1-70B0-4719-BA1C-D402A4576E79}.Release|Any CPU.Build.0 = Release|Any CPU
		{D75A52A1-70B0-4719-BA1C-D402A4576E79}.Release|iPhone.ActiveCfg = Release|Any CPU
		{D75A52A1-70B0-4719-BA1C-D402A4576E79}.Release|iPhone.Build.0 = Release|Any CPU
		{D75A52A1-70B0-4719-BA1C-D402A4576E79}.Release|iPhoneSimulator.ActiveCfg = Release|Any CPU
		{D75A52A1-70B0-4719-BA1C-D402A4576E79}.Release|iPhoneSimulator.Build.0 = Release|Any CPU
	EndGlobalSection
	GlobalSection(SolutionProperties) = preSolution
		HideSolutionNode = FALSE
	EndGlobalSection
	GlobalSection(NestedProjects) = preSolution
		{DC0A79D2-8506-4477-80D2-EDA5F3D9F0F4} = {733E6EFF-F270-43AF-A197-5F81E86D51A7}
		{5832601B-AA47-49BE-A0D1-2A53E1AA6B52} = {4495181E-813F-4AE5-9B9A-7F4268BF9B4B}
		{D3F52153-D276-4E60-BCD3-A44426E402B7} = {4495181E-813F-4AE5-9B9A-7F4268BF9B4B}
		{D75A52A1-70B0-4719-BA1C-D402A4576E79} = {A3661876-8EAB-4A1A-AA40-9154A001406E}
	EndGlobalSection
	GlobalSection(ExtensibilityGlobals) = postSolution
		SolutionGuid = {56E72561-5B36-43E4-A976-CAB7BC5A921D}
	EndGlobalSection
EndGlobal
